// !$*UTF8*$!
{
	archiveVersion = 1;
	classes = {
	};
	objectVersion = 50;
	objects = {

/* Begin PBXBuildFile section */
		84442C3024AEA7A7008186BB /* AppDelegate.swift in Sources */ = {isa = PBXBuildFile; fileRef = 84442C2F24AEA7A7008186BB /* AppDelegate.swift */; };
		84442C3224AEA7A7008186BB /* SceneDelegate.swift in Sources */ = {isa = PBXBuildFile; fileRef = 84442C3124AEA7A7008186BB /* SceneDelegate.swift */; };
		84442C3424AEA7A7008186BB /* ViewController.swift in Sources */ = {isa = PBXBuildFile; fileRef = 84442C3324AEA7A7008186BB /* ViewController.swift */; };
		84442C3724AEA7A7008186BB /* Main.storyboard in Resources */ = {isa = PBXBuildFile; fileRef = 84442C3524AEA7A7008186BB /* Main.storyboard */; };
		84442C3C24AEA7AD008186BB /* LaunchScreen.storyboard in Resources */ = {isa = PBXBuildFile; fileRef = 84442C3A24AEA7AD008186BB /* LaunchScreen.storyboard */; };
		84442C4D24AEA843008186BB /* CloudKit.framework in Frameworks */ = {isa = PBXBuildFile; fileRef = 84442C4C24AEA843008186BB /* CloudKit.framework */; };
		84442C4F24AEA8EB008186BB /* Post.swift in Sources */ = {isa = PBXBuildFile; fileRef = 84442C4E24AEA8EB008186BB /* Post.swift */; };
		84442C5124AEAF79008186BB /* PostController.swift in Sources */ = {isa = PBXBuildFile; fileRef = 84442C5024AEAF79008186BB /* PostController.swift */; };
		84442C5424AEB1BB008186BB /* YYError.swift in Sources */ = {isa = PBXBuildFile; fileRef = 84442C5324AEB1BB008186BB /* YYError.swift */; };
		84442C5624AEC008008186BB /* PostListTableViewController.swift in Sources */ = {isa = PBXBuildFile; fileRef = 84442C5524AEC008008186BB /* PostListTableViewController.swift */; };
		84442C5824AEC302008186BB /* Assets.xcassets in Resources */ = {isa = PBXBuildFile; fileRef = 84442C5724AEC302008186BB /* Assets.xcassets */; };
		84442C5A24AECA84008186BB /* PostTableViewCell.swift in Sources */ = {isa = PBXBuildFile; fileRef = 84442C5924AECA84008186BB /* PostTableViewCell.swift */; };
/* End PBXBuildFile section */

/* Begin PBXFileReference section */
		84442C2C24AEA7A7008186BB /* YikyYaky_01.app */ = {isa = PBXFileReference; explicitFileType = wrapper.application; includeInIndex = 0; path = YikyYaky_01.app; sourceTree = BUILT_PRODUCTS_DIR; };
		84442C2F24AEA7A7008186BB /* AppDelegate.swift */ = {isa = PBXFileReference; lastKnownFileType = sourcecode.swift; path = AppDelegate.swift; sourceTree = "<group>"; };
		84442C3124AEA7A7008186BB /* SceneDelegate.swift */ = {isa = PBXFileReference; lastKnownFileType = sourcecode.swift; path = SceneDelegate.swift; sourceTree = "<group>"; };
		84442C3324AEA7A7008186BB /* ViewController.swift */ = {isa = PBXFileReference; lastKnownFileType = sourcecode.swift; path = ViewController.swift; sourceTree = "<group>"; };
		84442C3624AEA7A7008186BB /* Base */ = {isa = PBXFileReference; lastKnownFileType = file.storyboard; name = Base; path = Base.lproj/Main.storyboard; sourceTree = "<group>"; };
		84442C3B24AEA7AD008186BB /* Base */ = {isa = PBXFileReference; lastKnownFileType = file.storyboard; name = Base; path = Base.lproj/LaunchScreen.storyboard; sourceTree = "<group>"; };
		84442C3D24AEA7AD008186BB /* Info.plist */ = {isa = PBXFileReference; lastKnownFileType = text.plist.xml; path = Info.plist; sourceTree = "<group>"; };
		84442C4A24AEA808008186BB /* YikyYaky_01.entitlements */ = {isa = PBXFileReference; lastKnownFileType = text.plist.entitlements; path = YikyYaky_01.entitlements; sourceTree = "<group>"; };
		84442C4C24AEA843008186BB /* CloudKit.framework */ = {isa = PBXFileReference; lastKnownFileType = wrapper.framework; name = CloudKit.framework; path = System/Library/Frameworks/CloudKit.framework; sourceTree = SDKROOT; };
		84442C4E24AEA8EB008186BB /* Post.swift */ = {isa = PBXFileReference; lastKnownFileType = sourcecode.swift; path = Post.swift; sourceTree = "<group>"; };
		84442C5024AEAF79008186BB /* PostController.swift */ = {isa = PBXFileReference; lastKnownFileType = sourcecode.swift; path = PostController.swift; sourceTree = "<group>"; };
		84442C5324AEB1BB008186BB /* YYError.swift */ = {isa = PBXFileReference; lastKnownFileType = sourcecode.swift; path = YYError.swift; sourceTree = "<group>"; };
		84442C5524AEC008008186BB /* PostListTableViewController.swift */ = {isa = PBXFileReference; lastKnownFileType = sourcecode.swift; name = PostListTableViewController.swift; path = YikyYaky_01/Controllers/ViewController/PostListTableViewController.swift; sourceTree = SOURCE_ROOT; };
		84442C5724AEC302008186BB /* Assets.xcassets */ = {isa = PBXFileReference; lastKnownFileType = folder.assetcatalog; path = Assets.xcassets; sourceTree = "<group>"; };
		84442C5924AECA84008186BB /* PostTableViewCell.swift */ = {isa = PBXFileReference; lastKnownFileType = sourcecode.swift; path = PostTableViewCell.swift; sourceTree = "<group>"; };
/* End PBXFileReference section */

/* Begin PBXFrameworksBuildPhase section */
		84442C2924AEA7A7008186BB /* Frameworks */ = {
			isa = PBXFrameworksBuildPhase;
			buildActionMask = 2147483647;
			files = (
				84442C4D24AEA843008186BB /* CloudKit.framework in Frameworks */,
			);
			runOnlyForDeploymentPostprocessing = 0;
		};
/* End PBXFrameworksBuildPhase section */

/* Begin PBXGroup section */
		84442C2324AEA7A7008186BB = {
			isa = PBXGroup;
			children = (
				84442C2E24AEA7A7008186BB /* YikyYaky_01 */,
				84442C2D24AEA7A7008186BB /* Products */,
				84442C4B24AEA843008186BB /* Frameworks */,
			);
			sourceTree = "<group>";
		};
		84442C2D24AEA7A7008186BB /* Products */ = {
			isa = PBXGroup;
			children = (
				84442C2C24AEA7A7008186BB /* YikyYaky_01.app */,
			);
			name = Products;
			sourceTree = "<group>";
		};
		84442C2E24AEA7A7008186BB /* YikyYaky_01 */ = {
			isa = PBXGroup;
			children = (
				84442C5224AEB1AA008186BB /* Helper & Extension */,
				84442C4A24AEA808008186BB /* YikyYaky_01.entitlements */,
				84442C4724AEA7E4008186BB /* Models */,
				84442C4624AEA7DB008186BB /* Views */,
				84442C4424AEA7CE008186BB /* Controllers */,
				84442C4324AEA7B8008186BB /* Resources */,
				84442C3324AEA7A7008186BB /* ViewController.swift */,
				84442C3524AEA7A7008186BB /* Main.storyboard */,
			);
			path = YikyYaky_01;
			sourceTree = "<group>";
		};
		84442C4324AEA7B8008186BB /* Resources */ = {
			isa = PBXGroup;
			children = (
				84442C2F24AEA7A7008186BB /* AppDelegate.swift */,
				84442C3124AEA7A7008186BB /* SceneDelegate.swift */,
				84442C3A24AEA7AD008186BB /* LaunchScreen.storyboard */,
				84442C5724AEC302008186BB /* Assets.xcassets */,
				84442C3D24AEA7AD008186BB /* Info.plist */,
			);
			path = Resources;
			sourceTree = "<group>";
		};
		84442C4424AEA7CE008186BB /* Controllers */ = {
			isa = PBXGroup;
			children = (
				84442C4924AEA7F0008186BB /* ModelController */,
				84442C4824AEA7EA008186BB /* ViewController */,
			);
			path = Controllers;
			sourceTree = "<group>";
		};
		84442C4624AEA7DB008186BB /* Views */ = {
			isa = PBXGroup;
			children = (
				84442C5924AECA84008186BB /* PostTableViewCell.swift */,
			);
			path = Views;
			sourceTree = "<group>";
		};
		84442C4724AEA7E4008186BB /* Models */ = {
			isa = PBXGroup;
			children = (
				84442C4E24AEA8EB008186BB /* Post.swift */,
			);
			path = Models;
			sourceTree = "<group>";
		};
		84442C4824AEA7EA008186BB /* ViewController */ = {
			isa = PBXGroup;
			children = (
				84442C5524AEC008008186BB /* PostListTableViewController.swift */,
			);
			path = ViewController;
			sourceTree = "<group>";
		};
		84442C4924AEA7F0008186BB /* ModelController */ = {
			isa = PBXGroup;
			children = (
				84442C5024AEAF79008186BB /* PostController.swift */,
			);
			path = ModelController;
			sourceTree = "<group>";
		};
		84442C4B24AEA843008186BB /* Frameworks */ = {
			isa = PBXGroup;
			children = (
				84442C4C24AEA843008186BB /* CloudKit.framework */,
			);
			name = Frameworks;
			sourceTree = "<group>";
		};
		84442C5224AEB1AA008186BB /* Helper & Extension */ = {
			isa = PBXGroup;
			children = (
				84442C5324AEB1BB008186BB /* YYError.swift */,
			);
			path = "Helper & Extension";
			sourceTree = "<group>";
		};
/* End PBXGroup section */

/* Begin PBXNativeTarget section */
		84442C2B24AEA7A7008186BB /* YikyYaky_01 */ = {
			isa = PBXNativeTarget;
			buildConfigurationList = 84442C4024AEA7AD008186BB /* Build configuration list for PBXNativeTarget "YikyYaky_01" */;
			buildPhases = (
				84442C2824AEA7A7008186BB /* Sources */,
				84442C2924AEA7A7008186BB /* Frameworks */,
				84442C2A24AEA7A7008186BB /* Resources */,
			);
			buildRules = (
			);
			dependencies = (
			);
			name = YikyYaky_01;
			productName = YikyYaky_01;
			productReference = 84442C2C24AEA7A7008186BB /* YikyYaky_01.app */;
			productType = "com.apple.product-type.application";
		};
/* End PBXNativeTarget section */

/* Begin PBXProject section */
		84442C2424AEA7A7008186BB /* Project object */ = {
			isa = PBXProject;
			attributes = {
				LastSwiftUpdateCheck = 1150;
				LastUpgradeCheck = 1150;
				ORGANIZATIONNAME = Admin;
				TargetAttributes = {
					84442C2B24AEA7A7008186BB = {
						CreatedOnToolsVersion = 11.5;
					};
				};
			};
			buildConfigurationList = 84442C2724AEA7A7008186BB /* Build configuration list for PBXProject "YikyYaky_01" */;
			compatibilityVersion = "Xcode 9.3";
			developmentRegion = en;
			hasScannedForEncodings = 0;
			knownRegions = (
				en,
				Base,
			);
			mainGroup = 84442C2324AEA7A7008186BB;
			productRefGroup = 84442C2D24AEA7A7008186BB /* Products */;
			projectDirPath = "";
			projectRoot = "";
			targets = (
				84442C2B24AEA7A7008186BB /* YikyYaky_01 */,
			);
		};
/* End PBXProject section */

/* Begin PBXResourcesBuildPhase section */
		84442C2A24AEA7A7008186BB /* Resources */ = {
			isa = PBXResourcesBuildPhase;
			buildActionMask = 2147483647;
			files = (
				84442C3C24AEA7AD008186BB /* LaunchScreen.storyboard in Resources */,
				84442C5824AEC302008186BB /* Assets.xcassets in Resources */,
				84442C3724AEA7A7008186BB /* Main.storyboard in Resources */,
			);
			runOnlyForDeploymentPostprocessing = 0;
		};
/* End PBXResourcesBuildPhase section */

/* Begin PBXSourcesBuildPhase section */
		84442C2824AEA7A7008186BB /* Sources */ = {
			isa = PBXSourcesBuildPhase;
			buildActionMask = 2147483647;
			files = (
				84442C5124AEAF79008186BB /* PostController.swift in Sources */,
				84442C3424AEA7A7008186BB /* ViewController.swift in Sources */,
				84442C5624AEC008008186BB /* PostListTableViewController.swift in Sources */,
				84442C5A24AECA84008186BB /* PostTableViewCell.swift in Sources */,
				84442C5424AEB1BB008186BB /* YYError.swift in Sources */,
				84442C3024AEA7A7008186BB /* AppDelegate.swift in Sources */,
				84442C3224AEA7A7008186BB /* SceneDelegate.swift in Sources */,
				84442C4F24AEA8EB008186BB /* Post.swift in Sources */,
			);
			runOnlyForDeploymentPostprocessing = 0;
		};
/* End PBXSourcesBuildPhase section */

/* Begin PBXVariantGroup section */
		84442C3524AEA7A7008186BB /* Main.storyboard */ = {
			isa = PBXVariantGroup;
			children = (
				84442C3624AEA7A7008186BB /* Base */,
			);
			name = Main.storyboard;
			sourceTree = "<group>";
		};
		84442C3A24AEA7AD008186BB /* LaunchScreen.storyboard */ = {
			isa = PBXVariantGroup;
			children = (
				84442C3B24AEA7AD008186BB /* Base */,
			);
			name = LaunchScreen.storyboard;
			sourceTree = "<group>";
		};
/* End PBXVariantGroup section */

/* Begin XCBuildConfiguration section */
		84442C3E24AEA7AD008186BB /* Debug */ = {
			isa = XCBuildConfiguration;
			buildSettings = {
				ALWAYS_SEARCH_USER_PATHS = NO;
				CLANG_ANALYZER_NONNULL = YES;
				CLANG_ANALYZER_NUMBER_OBJECT_CONVERSION = YES_AGGRESSIVE;
				CLANG_CXX_LANGUAGE_STANDARD = "gnu++14";
				CLANG_CXX_LIBRARY = "libc++";
				CLANG_ENABLE_MODULES = YES;
				CLANG_ENABLE_OBJC_ARC = YES;
				CLANG_ENABLE_OBJC_WEAK = YES;
				CLANG_WARN_BLOCK_CAPTURE_AUTORELEASING = YES;
				CLANG_WARN_BOOL_CONVERSION = YES;
				CLANG_WARN_COMMA = YES;
				CLANG_WARN_CONSTANT_CONVERSION = YES;
				CLANG_WARN_DEPRECATED_OBJC_IMPLEMENTATIONS = YES;
				CLANG_WARN_DIRECT_OBJC_ISA_USAGE = YES_ERROR;
				CLANG_WARN_DOCUMENTATION_COMMENTS = YES;
				CLANG_WARN_EMPTY_BODY = YES;
				CLANG_WARN_ENUM_CONVERSION = YES;
				CLANG_WARN_INFINITE_RECURSION = YES;
				CLANG_WARN_INT_CONVERSION = YES;
				CLANG_WARN_NON_LITERAL_NULL_CONVERSION = YES;
				CLANG_WARN_OBJC_IMPLICIT_RETAIN_SELF = YES;
				CLANG_WARN_OBJC_LITERAL_CONVERSION = YES;
				CLANG_WARN_OBJC_ROOT_CLASS = YES_ERROR;
				CLANG_WARN_RANGE_LOOP_ANALYSIS = YES;
				CLANG_WARN_STRICT_PROTOTYPES = YES;
				CLANG_WARN_SUSPICIOUS_MOVE = YES;
				CLANG_WARN_UNGUARDED_AVAILABILITY = YES_AGGRESSIVE;
				CLANG_WARN_UNREACHABLE_CODE = YES;
				CLANG_WARN__DUPLICATE_METHOD_MATCH = YES;
				COPY_PHASE_STRIP = NO;
				DEBUG_INFORMATION_FORMAT = dwarf;
				ENABLE_STRICT_OBJC_MSGSEND = YES;
				ENABLE_TESTABILITY = YES;
				GCC_C_LANGUAGE_STANDARD = gnu11;
				GCC_DYNAMIC_NO_PIC = NO;
				GCC_NO_COMMON_BLOCKS = YES;
				GCC_OPTIMIZATION_LEVEL = 0;
				GCC_PREPROCESSOR_DEFINITIONS = (
					"DEBUG=1",
					"$(inherited)",
				);
				GCC_WARN_64_TO_32_BIT_CONVERSION = YES;
				GCC_WARN_ABOUT_RETURN_TYPE = YES_ERROR;
				GCC_WARN_UNDECLARED_SELECTOR = YES;
				GCC_WARN_UNINITIALIZED_AUTOS = YES_AGGRESSIVE;
				GCC_WARN_UNUSED_FUNCTION = YES;
				GCC_WARN_UNUSED_VARIABLE = YES;
				IPHONEOS_DEPLOYMENT_TARGET = 13.5;
				MTL_ENABLE_DEBUG_INFO = INCLUDE_SOURCE;
				MTL_FAST_MATH = YES;
				ONLY_ACTIVE_ARCH = YES;
				SDKROOT = iphoneos;
				SWIFT_ACTIVE_COMPILATION_CONDITIONS = DEBUG;
				SWIFT_OPTIMIZATION_LEVEL = "-Onone";
			};
			name = Debug;
		};
		84442C3F24AEA7AD008186BB /* Release */ = {
			isa = XCBuildConfiguration;
			buildSettings = {
				ALWAYS_SEARCH_USER_PATHS = NO;
				CLANG_ANALYZER_NONNULL = YES;
				CLANG_ANALYZER_NUMBER_OBJECT_CONVERSION = YES_AGGRESSIVE;
				CLANG_CXX_LANGUAGE_STANDARD = "gnu++14";
				CLANG_CXX_LIBRARY = "libc++";
				CLANG_ENABLE_MODULES = YES;
				CLANG_ENABLE_OBJC_ARC = YES;
				CLANG_ENABLE_OBJC_WEAK = YES;
				CLANG_WARN_BLOCK_CAPTURE_AUTORELEASING = YES;
				CLANG_WARN_BOOL_CONVERSION = YES;
				CLANG_WARN_COMMA = YES;
				CLANG_WARN_CONSTANT_CONVERSION = YES;
				CLANG_WARN_DEPRECATED_OBJC_IMPLEMENTATIONS = YES;
				CLANG_WARN_DIRECT_OBJC_ISA_USAGE = YES_ERROR;
				CLANG_WARN_DOCUMENTATION_COMMENTS = YES;
				CLANG_WARN_EMPTY_BODY = YES;
				CLANG_WARN_ENUM_CONVERSION = YES;
				CLANG_WARN_INFINITE_RECURSION = YES;
				CLANG_WARN_INT_CONVERSION = YES;
				CLANG_WARN_NON_LITERAL_NULL_CONVERSION = YES;
				CLANG_WARN_OBJC_IMPLICIT_RETAIN_SELF = YES;
				CLANG_WARN_OBJC_LITERAL_CONVERSION = YES;
				CLANG_WARN_OBJC_ROOT_CLASS = YES_ERROR;
				CLANG_WARN_RANGE_LOOP_ANALYSIS = YES;
				CLANG_WARN_STRICT_PROTOTYPES = YES;
				CLANG_WARN_SUSPICIOUS_MOVE = YES;
				CLANG_WARN_UNGUARDED_AVAILABILITY = YES_AGGRESSIVE;
				CLANG_WARN_UNREACHABLE_CODE = YES;
				CLANG_WARN__DUPLICATE_METHOD_MATCH = YES;
				COPY_PHASE_STRIP = NO;
				DEBUG_INFORMATION_FORMAT = "dwarf-with-dsym";
				ENABLE_NS_ASSERTIONS = NO;
				ENABLE_STRICT_OBJC_MSGSEND = YES;
				GCC_C_LANGUAGE_STANDARD = gnu11;
				GCC_NO_COMMON_BLOCKS = YES;
				GCC_WARN_64_TO_32_BIT_CONVERSION = YES;
				GCC_WARN_ABOUT_RETURN_TYPE = YES_ERROR;
				GCC_WARN_UNDECLARED_SELECTOR = YES;
				GCC_WARN_UNINITIALIZED_AUTOS = YES_AGGRESSIVE;
				GCC_WARN_UNUSED_FUNCTION = YES;
				GCC_WARN_UNUSED_VARIABLE = YES;
				IPHONEOS_DEPLOYMENT_TARGET = 13.5;
				MTL_ENABLE_DEBUG_INFO = NO;
				MTL_FAST_MATH = YES;
				SDKROOT = iphoneos;
				SWIFT_COMPILATION_MODE = wholemodule;
				SWIFT_OPTIMIZATION_LEVEL = "-O";
				VALIDATE_PRODUCT = YES;
			};
			name = Release;
		};
		84442C4124AEA7AD008186BB /* Debug */ = {
			isa = XCBuildConfiguration;
			buildSettings = {
				ASSETCATALOG_COMPILER_APPICON_NAME = AppIcon;
				CODE_SIGN_ENTITLEMENTS = YikyYaky_01/YikyYaky_01.entitlements;
				CODE_SIGN_STYLE = Automatic;
				DEVELOPMENT_TEAM = Z6S8PVK4V9;
				INFOPLIST_FILE = "$(SRCROOT)/YikyYaky_01/Resources/Info.plist";
				LD_RUNPATH_SEARCH_PATHS = (
					"$(inherited)",
					"@executable_path/Frameworks",
				);
				PRODUCT_BUNDLE_IDENTIFIER = "com.iljoochae.YikyYaky-01";
				PRODUCT_NAME = "$(TARGET_NAME)";
				SWIFT_VERSION = 5.0;
				TARGETED_DEVICE_FAMILY = "1,2";
			};
			name = Debug;
		};
		84442C4224AEA7AD008186BB /* Release */ = {
			isa = XCBuildConfiguration;
			buildSettings = {
				ASSETCATALOG_COMPILER_APPICON_NAME = AppIcon;
				CODE_SIGN_ENTITLEMENTS = YikyYaky_01/YikyYaky_01.entitlements;
				CODE_SIGN_STYLE = Automatic;
				DEVELOPMENT_TEAM = Z6S8PVK4V9;
				INFOPLIST_FILE = "$(SRCROOT)/YikyYaky_01/Resources/Info.plist";
				LD_RUNPATH_SEARCH_PATHS = (
					"$(inherited)",
					"@executable_path/Frameworks",
				);
				PRODUCT_BUNDLE_IDENTIFIER = "com.iljoochae.YikyYaky-01";
				PRODUCT_NAME = "$(TARGET_NAME)";
				SWIFT_VERSION = 5.0;
				TARGETED_DEVICE_FAMILY = "1,2";
			};
			name = Release;
		};
/* End XCBuildConfiguration section */

/* Begin XCConfigurationList section */
		84442C2724AEA7A7008186BB /* Build configuration list for PBXProject "YikyYaky_01" */ = {
			isa = XCConfigurationList;
			buildConfigurations = (
				84442C3E24AEA7AD008186BB /* Debug */,
				84442C3F24AEA7AD008186BB /* Release */,
			);
			defaultConfigurationIsVisible = 0;
			defaultConfigurationName = Release;
		};
		84442C4024AEA7AD008186BB /* Build configuration list for PBXNativeTarget "YikyYaky_01" */ = {
			isa = XCConfigurationList;
			buildConfigurations = (
				84442C4124AEA7AD008186BB /* Debug */,
				84442C4224AEA7AD008186BB /* Release */,
			);
			defaultConfigurationIsVisible = 0;
			defaultConfigurationName = Release;
		};
/* End XCConfigurationList section */
	};
	rootObject = 84442C2424AEA7A7008186BB /* Project object */;
}
